
Microsoft Visual Studio Solution File, Format Version 12.00
# Visual Studio Version 17
VisualStudioVersion = 17.5.33627.172
MinimumVisualStudioVersion = 10.0.40219.1
Project("{FAE04EC0-301F-11D3-BF4B-00C04F79EFBC}") = "CalcIMC", "CalcIMC.csproj", "{1175A361-D4AE-40D2-9F32-58AB0AA8C6C3}"
EndProject
Global
	GlobalSection(SolutionConfigurationPlatforms) = preSolution
		Debug|Any CPU = Debug|Any CPU
		Release|Any CPU = Release|Any CPU
	EndGlobalSection
	GlobalSection(ProjectConfigurationPlatforms) = postSolution
		{1175A361-D4AE-40D2-9F32-58AB0AA8C6C3}.Debug|Any CPU.ActiveCfg = Debug|Any CPU
		{1175A361-D4AE-40D2-9F32-58AB0AA8C6C3}.Debug|Any CPU.Build.0 = Debug|Any CPU
		{1175A361-D4AE-40D2-9F32-58AB0AA8C6C3}.Release|Any CPU.ActiveCfg = Release|Any CPU
		{1175A361-D4AE-40D2-9F32-58AB0AA8C6C3}.Release|Any CPU.Build.0 = Release|Any CPU
	EndGlobalSection
	GlobalSection(SolutionProperties) = preSolution
		HideSolutionNode = FALSE
	EndGlobalSection
	GlobalSection(ExtensibilityGlobals) = postSolution
		SolutionGuid = {7141D179-CDD9-4277-8293-8F6A2A5D6D45}
	EndGlobalSection
EndGlobal
